# This file is automatically @generated by Cargo.
# It is not intended for manual editing.
version = 3

[[package]]
name = "abnf"
version = "0.13.0"
source = "registry+https://github.com/rust-lang/crates.io-index"
checksum = "087113bd50d9adce24850eed5d0476c7d199d532fce8fab5173650331e09033a"
dependencies = [
 "abnf-core",
 "nom",
]

[[package]]
name = "abnf-core"
version = "0.5.0"
source = "registry+https://github.com/rust-lang/crates.io-index"
checksum = "c44e09c43ae1c368fb91a03a566472d0087c26cf7e1b9e8e289c14ede681dd7d"
dependencies = [
 "nom",
]

[[package]]
name = "ahash"
version = "0.8.11"
source = "registry+https://github.com/rust-lang/crates.io-index"
checksum = "e89da841a80418a9b391ebaea17f5c112ffaaa96f621d2c285b5174da76b9011"
dependencies = [
 "cfg-if",
 "once_cell",
 "version_check",
 "zerocopy",
]

[[package]]
name = "allocator-api2"
version = "0.2.21"
source = "registry+https://github.com/rust-lang/crates.io-index"
checksum = "683d7910e743518b0e34f1186f92494becacb047c7b6bf616c96772180fef923"

[[package]]
name = "autocfg"
version = "1.4.0"
source = "registry+https://github.com/rust-lang/crates.io-index"
checksum = "ace50bade8e6234aa140d9a2f552bbee1db4d353f69b8217bc503490fc1a9f26"

[[package]]
name = "block-buffer"
version = "0.10.4"
source = "registry+https://github.com/rust-lang/crates.io-index"
checksum = "3078c7629b62d3f0439517fa394996acacc5cbc91c5a20d8c658e77abd503a71"
dependencies = [
 "generic-array",
]

[[package]]
name = "btree-range-map"
version = "0.7.2"
source = "registry+https://github.com/rust-lang/crates.io-index"
checksum = "1be5c9672446d3800bcbcaabaeba121fe22f1fb25700c4562b22faf76d377c33"
dependencies = [
 "btree-slab",
 "cc-traits",
 "range-traits",
 "serde",
 "slab",
]

[[package]]
name = "btree-slab"
version = "0.6.1"
source = "registry+https://github.com/rust-lang/crates.io-index"
checksum = "7a2b56d3029f075c4fa892428a098425b86cef5c89ae54073137ece416aef13c"
dependencies = [
 "cc-traits",
 "slab",
 "smallvec",
]

[[package]]
name = "cc-traits"
version = "2.0.0"
source = "registry+https://github.com/rust-lang/crates.io-index"
checksum = "060303ef31ef4a522737e1b1ab68c67916f2a787bb2f4f54f383279adba962b5"
dependencies = [
 "slab",
]

[[package]]
name = "cfg-if"
version = "1.0.0"
source = "registry+https://github.com/rust-lang/crates.io-index"
checksum = "baf1de4339761588bc0619e3cbc0120ee582ebb74b53b4efbf79117bd2da40fd"

[[package]]
name = "ciborium"
version = "0.2.2"
source = "registry+https://github.com/rust-lang/crates.io-index"
checksum = "42e69ffd6f0917f5c029256a24d0161db17cea3997d185db0d35926308770f0e"
dependencies = [
 "ciborium-io",
 "ciborium-ll",
 "serde",
]

[[package]]
name = "ciborium-io"
version = "0.2.2"
source = "registry+https://github.com/rust-lang/crates.io-index"
checksum = "05afea1e0a06c9be33d539b876f1ce3692f4afea2cb41f740e7743225ed1c757"

[[package]]
name = "ciborium-ll"
version = "0.2.2"
source = "registry+https://github.com/rust-lang/crates.io-index"
checksum = "57663b653d948a338bfb3eeba9bb2fd5fcfaecb9e199e87e1eda4d9e8b240fd9"
dependencies = [
 "ciborium-io",
 "half",
]

[[package]]
name = "cpufeatures"
version = "0.2.16"
source = "registry+https://github.com/rust-lang/crates.io-index"
checksum = "16b80225097f2e5ae4e7179dd2266824648f3e2f49d9134d584b76389d31c4c3"
dependencies = [
 "libc",
]

[[package]]
name = "crunchy"
version = "0.2.2"
source = "registry+https://github.com/rust-lang/crates.io-index"
checksum = "7a81dae078cea95a014a339291cec439d2f232ebe854a9d672b796c6afafa9b7"

[[package]]
name = "crypto-common"
version = "0.1.6"
source = "registry+https://github.com/rust-lang/crates.io-index"
checksum = "1bfb12502f3fc46cca1bb51ac28df9d618d813cdc3d2f25b9fe775a34af26bb3"
dependencies = [
 "generic-array",
 "typenum",
]

[[package]]
name = "digest"
version = "0.10.7"
source = "registry+https://github.com/rust-lang/crates.io-index"
checksum = "9ed9a281f7bc9b7576e61468ba615a66a5c8cfdff42420a70aa82701a3b1e292"
dependencies = [
 "block-buffer",
 "crypto-common",
]

[[package]]
name = "dyn-clone"
version = "1.0.17"
source = "registry+https://github.com/rust-lang/crates.io-index"
checksum = "0d6ef0072f8a535281e4876be788938b528e9a1d43900b82c2569af7da799125"

[[package]]
name = "generic-array"
version = "0.14.7"
source = "registry+https://github.com/rust-lang/crates.io-index"
checksum = "85649ca51fd72272d7821adaf274ad91c288277713d9c18820d8499a7ff69e9a"
dependencies = [
 "typenum",
 "version_check",
]

[[package]]
name = "half"
version = "2.4.1"
source = "registry+https://github.com/rust-lang/crates.io-index"
checksum = "6dd08c532ae367adf81c312a4580bc67f1d0fe8bc9c460520283f4c0ff277888"
dependencies = [
 "cfg-if",
 "crunchy",
]

[[package]]
name = "hashbrown"
version = "0.14.5"
source = "registry+https://github.com/rust-lang/crates.io-index"
checksum = "e5274423e17b7c9fc20b6e7e208532f9b19825d82dfd615708b70edd83df41f1"
dependencies = [
 "ahash",
 "allocator-api2",
]

[[package]]
name = "heck"
version = "0.5.0"
source = "registry+https://github.com/rust-lang/crates.io-index"
checksum = "2304e00983f87ffb38b55b444b5e3b60a884b5d30c0fca7d82fe33449bbe55ea"

[[package]]
name = "hex_fmt"
version = "0.3.0"
source = "registry+https://github.com/rust-lang/crates.io-index"
checksum = "b07f60793ff0a4d9cef0f18e63b5357e06209987153a64648c972c1e5aff336f"

[[package]]
name = "indoc"
version = "2.0.5"
source = "registry+https://github.com/rust-lang/crates.io-index"
checksum = "b248f5224d1d606005e02c97f5aa4e88eeb230488bcc03bc9ca4d7991399f2b5"

[[package]]
name = "iref"
version = "3.2.2"
source = "registry+https://github.com/rust-lang/crates.io-index"
checksum = "374372d9ca7331cec26f307b12552554849143e6b2077be3553576aa9aa8258c"
dependencies = [
 "iref-core",
]

[[package]]
name = "iref-core"
version = "3.2.2"
source = "registry+https://github.com/rust-lang/crates.io-index"
checksum = "b10559a0d518effd4f2cee107f40f83acf8583dcd3e6760b9b60293b0d2c2a70"
dependencies = [
 "pct-str",
 "smallvec",
 "static-regular-grammar",
 "thiserror",
]

[[package]]
name = "itoa"
version = "1.0.14"
source = "registry+https://github.com/rust-lang/crates.io-index"
checksum = "d75a2a4b1b190afb6f5425f10f6a8f959d2ea0b9c2b1d79553551850539e4674"

[[package]]
name = "libc"
version = "0.2.169"
source = "registry+https://github.com/rust-lang/crates.io-index"
checksum = "b5aba8db14291edd000dfcc4d620c7ebfb122c613afb886ca8803fa4e128a20a"

[[package]]
name = "log"
version = "0.4.22"
source = "registry+https://github.com/rust-lang/crates.io-index"
checksum = "a7a70ba024b9dc04c27ea2f0c0548feb474ec5c54bba33a7f72f873a39d07b24"

[[package]]
name = "memchr"
version = "2.7.4"
source = "registry+https://github.com/rust-lang/crates.io-index"
checksum = "78ca9ab1a0babb1e7d5695e3530886289c18cf2f87ec19a575a0abdce112e3a3"

[[package]]
name = "minimal-lexical"
version = "0.2.1"
source = "registry+https://github.com/rust-lang/crates.io-index"
checksum = "68354c5c6bd36d73ff3feceb05efa59b6acb7626617f4962be322a825e61f79a"

[[package]]
name = "nom"
version = "7.1.3"
source = "registry+https://github.com/rust-lang/crates.io-index"
checksum = "d273983c5a657a70a3e8f2a01329822f3b8c8172b73826411a55751e404a0a4a"
dependencies = [
 "memchr",
 "minimal-lexical",
]

[[package]]
name = "once_cell"
version = "1.20.2"
source = "registry+https://github.com/rust-lang/crates.io-index"
checksum = "1261fe7e33c73b354eab43b1273a57c8f967d0391e80353e51f764ac02cf6775"

[[package]]
name = "pathdiff"
version = "0.2.3"
source = "registry+https://github.com/rust-lang/crates.io-index"
checksum = "df94ce210e5bc13cb6651479fa48d14f601d9858cfe0467f43ae157023b938d3"

[[package]]
name = "pct-str"
version = "2.0.0"
source = "registry+https://github.com/rust-lang/crates.io-index"
checksum = "bf1bdcc492c285a50bed60860dfa00b50baf1f60c73c7d6b435b01a2a11fd6ff"
dependencies = [
 "thiserror",
 "utf8-decode",
]

[[package]]
name = "proc-macro-error"
version = "1.0.4"
source = "registry+https://github.com/rust-lang/crates.io-index"
checksum = "da25490ff9892aab3fcf7c36f08cfb902dd3e71ca0f9f9517bea02a73a5ce38c"
dependencies = [
 "proc-macro-error-attr",
 "proc-macro2",
 "quote",
 "syn 1.0.109",
 "version_check",
]

[[package]]
name = "proc-macro-error-attr"
version = "1.0.4"
source = "registry+https://github.com/rust-lang/crates.io-index"
checksum = "a1be40180e52ecc98ad80b184934baf3d0d29f979574e439af5a55274b35f869"
dependencies = [
 "proc-macro2",
 "quote",
 "version_check",
]

[[package]]
name = "proc-macro2"
version = "1.0.92"
source = "registry+https://github.com/rust-lang/crates.io-index"
checksum = "37d3544b3f2748c54e147655edb5025752e2303145b5aefb3c3ea2c78b973bb0"
dependencies = [
 "unicode-ident",
]

[[package]]
name = "quote"
version = "1.0.37"
source = "registry+https://github.com/rust-lang/crates.io-index"
checksum = "b5b9d34b8991d19d98081b46eacdd8eb58c6f2b201139f7c5f643cc155a633af"
dependencies = [
 "proc-macro2",
]

[[package]]
name = "range-traits"
version = "0.3.2"
source = "registry+https://github.com/rust-lang/crates.io-index"
checksum = "d20581732dd76fa913c7dff1a2412b714afe3573e94d41c34719de73337cc8ab"

[[package]]
name = "regress"
version = "0.10.1"
source = "registry+https://github.com/rust-lang/crates.io-index"
checksum = "1541daf4e4ed43a0922b7969bdc2170178bcacc5dabf7e39bc508a9fa3953a7a"
dependencies = [
 "hashbrown",
 "memchr",
]

[[package]]
name = "ryu"
version = "1.0.18"
source = "registry+https://github.com/rust-lang/crates.io-index"
checksum = "f3cb5ba0dc43242ce17de99c180e96db90b235b8a9fdc9543c96d2209116bd9f"

[[package]]
name = "schemars"
version = "0.8.21"
source = "registry+https://github.com/rust-lang/crates.io-index"
checksum = "09c024468a378b7e36765cd36702b7a90cc3cba11654f6685c8f233408e89e92"
dependencies = [
 "dyn-clone",
 "schemars_derive",
 "serde",
 "serde_json",
]

[[package]]
name = "schemars_derive"
version = "0.8.21"
source = "registry+https://github.com/rust-lang/crates.io-index"
checksum = "b1eee588578aff73f856ab961cd2f79e36bc45d7ded33a7562adba4667aecc0e"
dependencies = [
 "proc-macro2",
 "quote",
 "serde_derive_internals",
 "syn 2.0.90",
]

[[package]]
name = "semver"
version = "1.0.24"
source = "registry+https://github.com/rust-lang/crates.io-index"
checksum = "3cb6eb87a131f756572d7fb904f6e7b68633f09cca868c5df1c4b8d1a694bbba"
dependencies = [
 "serde",
]

[[package]]
name = "serde"
version = "1.0.216"
source = "registry+https://github.com/rust-lang/crates.io-index"
checksum = "0b9781016e935a97e8beecf0c933758c97a5520d32930e460142b4cd80c6338e"
dependencies = [
 "serde_derive",
]

[[package]]
name = "serde_derive"
version = "1.0.216"
source = "registry+https://github.com/rust-lang/crates.io-index"
checksum = "46f859dbbf73865c6627ed570e78961cd3ac92407a2d117204c49232485da55e"
dependencies = [
 "proc-macro2",
 "quote",
 "syn 2.0.90",
]

[[package]]
name = "serde_derive_internals"
version = "0.29.1"
source = "registry+https://github.com/rust-lang/crates.io-index"
checksum = "18d26a20a969b9e3fdf2fc2d9f21eda6c40e2de84c9408bb5d3b05d499aae711"
dependencies = [
 "proc-macro2",
 "quote",
 "syn 2.0.90",
]

[[package]]
name = "serde_json"
version = "1.0.133"
source = "registry+https://github.com/rust-lang/crates.io-index"
checksum = "c7fceb2473b9166b2294ef05efcb65a3db80803f0b03ef86a5fc88a2b85ee377"
dependencies = [
 "itoa",
 "memchr",
 "ryu",
 "serde",
]

[[package]]
name = "serde_tokenstream"
version = "0.2.2"
source = "registry+https://github.com/rust-lang/crates.io-index"
checksum = "64060d864397305347a78851c51588fd283767e7e7589829e8121d65512340f1"
dependencies = [
 "proc-macro2",
 "quote",
 "serde",
 "syn 2.0.90",
]

[[package]]
name = "sha2"
version = "0.10.8"
source = "registry+https://github.com/rust-lang/crates.io-index"
checksum = "793db75ad2bcafc3ffa7c68b215fee268f537982cd901d132f89c6343f3a3dc8"
dependencies = [
 "cfg-if",
 "cpufeatures",
 "digest",
]

[[package]]
name = "slab"
version = "0.4.9"
source = "registry+https://github.com/rust-lang/crates.io-index"
checksum = "8f92a496fb766b417c996b9c5e57daf2f7ad3b0bebe1ccfca4856390e3d3bb67"
dependencies = [
 "autocfg",
]

[[package]]
name = "smallvec"
version = "1.13.2"
source = "registry+https://github.com/rust-lang/crates.io-index"
checksum = "3c5e1a9a646d36c3599cd173a41282daf47c44583ad367b8e6837255952e5c67"

[[package]]
name = "static-regular-grammar"
version = "2.0.2"
source = "registry+https://github.com/rust-lang/crates.io-index"
checksum = "4f4a6c40247579acfbb138c3cd7de3dab113ab4ac6227f1b7de7d626ee667957"
dependencies = [
 "abnf",
 "btree-range-map",
 "ciborium",
 "hex_fmt",
 "indoc",
 "proc-macro-error",
 "proc-macro2",
 "quote",
 "serde",
 "sha2",
 "syn 2.0.90",
 "thiserror",
]

[[package]]
name = "syn"
version = "1.0.109"
source = "registry+https://github.com/rust-lang/crates.io-index"
checksum = "72b64191b275b66ffe2469e8af2c1cfe3bafa67b529ead792a6d0160888b4237"
dependencies = [
 "proc-macro2",
 "unicode-ident",
]

[[package]]
name = "syn"
version = "2.0.90"
source = "registry+https://github.com/rust-lang/crates.io-index"
checksum = "919d3b74a5dd0ccd15aeb8f93e7006bd9e14c295087c9896a110f490752bcf31"
dependencies = [
 "proc-macro2",
 "quote",
 "unicode-ident",
]

[[package]]
name = "thiserror"
version = "1.0.69"
source = "registry+https://github.com/rust-lang/crates.io-index"
checksum = "b6aaf5339b578ea85b50e080feb250a3e8ae8cfcdff9a461c9ec2904bc923f52"
dependencies = [
 "thiserror-impl",
]

[[package]]
name = "thiserror-impl"
version = "1.0.69"
source = "registry+https://github.com/rust-lang/crates.io-index"
checksum = "4fee6c4efc90059e10f81e6d42c60a18f76588c3d74cb83a0b242a2b6c7504c1"
dependencies = [
 "proc-macro2",
 "quote",
 "syn 2.0.90",
]

[[package]]
name = "typenum"
version = "1.17.0"
source = "registry+https://github.com/rust-lang/crates.io-index"
checksum = "42ff0bf0c66b8238c6f3b578df37d0b7848e55df8577b3f74f92a69acceeb825"

[[package]]
name = "typify"
version = "0.1.0"
source = "git+https://github.com/agily/typify?branch=support-external-references#996106de17b3883f73f9a3b296b6a75b37244836"
dependencies = [
 "typify-impl",
 "typify-macro",
]

[[package]]
name = "typify-impl"
version = "0.1.0"
source = "git+https://github.com/agily/typify?branch=support-external-references#996106de17b3883f73f9a3b296b6a75b37244836"
dependencies = [
 "heck",
 "iref",
 "log",
 "pathdiff",
 "proc-macro2",
 "quote",
 "regress",
 "schemars",
 "semver",
 "serde",
 "serde_json",
 "syn 2.0.90",
 "thiserror",
 "unicode-ident",
]

[[package]]
name = "typify-macro"
version = "0.1.0"
source = "git+https://github.com/agily/typify?branch=support-external-references#996106de17b3883f73f9a3b296b6a75b37244836"
dependencies = [
 "proc-macro2",
 "quote",
 "schemars",
 "semver",
 "serde",
 "serde_json",
 "serde_tokenstream",
 "syn 2.0.90",
 "typify-impl",
]

[[package]]
name = "unicode-ident"
version = "1.0.14"
source = "registry+https://github.com/rust-lang/crates.io-index"
checksum = "adb9e6ca4f869e1180728b7950e35922a7fc6397f7b641499e8f3ef06e50dc83"

[[package]]
name = "utf8-decode"
version = "1.0.1"
source = "registry+https://github.com/rust-lang/crates.io-index"
checksum = "ca61eb27fa339aa08826a29f03e87b99b4d8f0fc2255306fd266bb1b6a9de498"

[[package]]
name = "version_check"
version = "0.9.5"
source = "registry+https://github.com/rust-lang/crates.io-index"
checksum = "0b928f33d975fc6ad9f86c8f283853ad26bdd5b10b7f1542aa2fa15e2289105a"

[[package]]
name = "xrpl-models"
version = "0.1.0"
dependencies = [
 "serde",
 "typify",
]

[[package]]
name = "zerocopy"
version = "0.7.35"
source = "registry+https://github.com/rust-lang/crates.io-index"
checksum = "1b9b4fd18abc82b8136838da5d50bae7bdea537c574d8dc1a34ed098d6c166f0"
dependencies = [
 "zerocopy-derive",
]

[[package]]
name = "zerocopy-derive"
version = "0.7.35"
source = "registry+https://github.com/rust-lang/crates.io-index"
checksum = "fa4f8080344d4671fb4e831a13ad1e68092748387dfc4f55e356242fae12ce3e"
dependencies = [
 "proc-macro2",
 "quote",
 "syn 2.0.90",
]
